
Microsoft Visual Studio Solution File, Format Version 12.00
# Visual Studio 15
VisualStudioVersion = 15.0.26730.16
MinimumVisualStudioVersion = 10.0.40219.1
Project("{9A19103F-16F7-4668-BE54-9A1E7A4F7556}") = "Hamster.Web", "src\Hamster.Web\Hamster.Web.csproj", "{D8A993BE-5D57-4F66-9038-0F15673C3B6C}"
EndProject
Project("{9A19103F-16F7-4668-BE54-9A1E7A4F7556}") = "Hamster.Web.Standalone", "test\Hamster.Web.Standalone\Hamster.Web.Standalone.csproj", "{92DF53DD-EEC3-467E-9948-A5D76D738850}"
EndProject
Project("{9A19103F-16F7-4668-BE54-9A1E7A4F7556}") = "Hamster.Web.Test", "test\Hamster.Web.Test\Hamster.Web.Test.csproj", "{1052A373-50F4-4143-AAAB-FE687C18EB8B}"
EndProject
Global
	GlobalSection(SolutionConfigurationPlatforms) = preSolution
		Debug|Any CPU = Debug|Any CPU
		Release|Any CPU = Release|Any CPU
	EndGlobalSection
	GlobalSection(ProjectConfigurationPlatforms) = postSolution
		{D8A993BE-5D57-4F66-9038-0F15673C3B6C}.Debug|Any CPU.ActiveCfg = Debug|Any CPU
		{D8A993BE-5D57-4F66-9038-0F15673C3B6C}.Debug|Any CPU.Build.0 = Debug|Any CPU
		{D8A993BE-5D57-4F66-9038-0F15673C3B6C}.Release|Any CPU.ActiveCfg = Release|Any CPU
		{D8A993BE-5D57-4F66-9038-0F15673C3B6C}.Release|Any CPU.Build.0 = Release|Any CPU
		{92DF53DD-EEC3-467E-9948-A5D76D738850}.Debug|Any CPU.ActiveCfg = Debug|Any CPU
		{92DF53DD-EEC3-467E-9948-A5D76D738850}.Debug|Any CPU.Build.0 = Debug|Any CPU
		{92DF53DD-EEC3-467E-9948-A5D76D738850}.Release|Any CPU.ActiveCfg = Release|Any CPU
		{92DF53DD-EEC3-467E-9948-A5D76D738850}.Release|Any CPU.Build.0 = Release|Any CPU
		{1052A373-50F4-4143-AAAB-FE687C18EB8B}.Debug|Any CPU.ActiveCfg = Debug|Any CPU
		{1052A373-50F4-4143-AAAB-FE687C18EB8B}.Debug|Any CPU.Build.0 = Debug|Any CPU
		{1052A373-50F4-4143-AAAB-FE687C18EB8B}.Release|Any CPU.ActiveCfg = Release|Any CPU
		{1052A373-50F4-4143-AAAB-FE687C18EB8B}.Release|Any CPU.Build.0 = Release|Any CPU
	EndGlobalSection
	GlobalSection(SolutionProperties) = preSolution
		HideSolutionNode = FALSE
	EndGlobalSection
	GlobalSection(ExtensibilityGlobals) = postSolution
		SolutionGuid = {2BCAC5B5-345B-4FA2-A341-7AEA10684B7D}
	EndGlobalSection
EndGlobal
